
Microsoft Visual Studio Solution File, Format Version 12.00
# Visual Studio Version 17
VisualStudioVersion = 17.1.32210.238
MinimumVisualStudioVersion = 10.0.40219.1
Project("{FAE04EC0-301F-11D3-BF4B-00C04F79EFBC}") = "RevitAPILab5_2", "RevitAPILab5_2\RevitAPILab5_2.csproj", "{AA6DCC65-8749-4C57-A98C-25CE60821BE4}"
EndProject
Project("{FAE04EC0-301F-11D3-BF4B-00C04F79EFBC}") = "RevitAPILibrary", "..\RevitAPILibrary\RevitAPILibrary\RevitAPILibrary.csproj", "{3E51546D-C4CB-4606-A7AA-5393FDCD2493}"
EndProject
Global
	GlobalSection(SolutionConfigurationPlatforms) = preSolution
		Debug|Any CPU = Debug|Any CPU
		Release|Any CPU = Release|Any CPU
	EndGlobalSection
	GlobalSection(ProjectConfigurationPlatforms) = postSolution
		{AA6DCC65-8749-4C57-A98C-25CE60821BE4}.Debug|Any CPU.ActiveCfg = Debug|Any CPU
		{AA6DCC65-8749-4C57-A98C-25CE60821BE4}.Debug|Any CPU.Build.0 = Debug|Any CPU
		{AA6DCC65-8749-4C57-A98C-25CE60821BE4}.Release|Any CPU.ActiveCfg = Release|Any CPU
		{AA6DCC65-8749-4C57-A98C-25CE60821BE4}.Release|Any CPU.Build.0 = Release|Any CPU
		{3E51546D-C4CB-4606-A7AA-5393FDCD2493}.Debug|Any CPU.ActiveCfg = Debug|Any CPU
		{3E51546D-C4CB-4606-A7AA-5393FDCD2493}.Debug|Any CPU.Build.0 = Debug|Any CPU
		{3E51546D-C4CB-4606-A7AA-5393FDCD2493}.Release|Any CPU.ActiveCfg = Release|Any CPU
		{3E51546D-C4CB-4606-A7AA-5393FDCD2493}.Release|Any CPU.Build.0 = Release|Any CPU
	EndGlobalSection
	GlobalSection(SolutionProperties) = preSolution
		HideSolutionNode = FALSE
	EndGlobalSection
	GlobalSection(ExtensibilityGlobals) = postSolution
		SolutionGuid = {E0306F13-FF23-461F-9C9C-CB708B16D0C9}
	EndGlobalSection
EndGlobal
